// !$*UTF8*$!
{
	archiveVersion = 1;
	classes = {
	};
	objectVersion = 56;
	objects = {

/* Begin PBXBuildFile section */
		B10795082B83F4AE00929FF7 /* MyArtiestDataModel.xcdatamodeld in Sources */ = {isa = PBXBuildFile; fileRef = B10795062B83F4AE00929FF7 /* MyArtiestDataModel.xcdatamodeld */; };
		B107950A2B84823700929FF7 /* ObservableObject.swift in Sources */ = {isa = PBXBuildFile; fileRef = B10795092B84823700929FF7 /* ObservableObject.swift */; };
		B107950C2B8548C700929FF7 /* AlbumTrackCollectionViewCell.swift in Sources */ = {isa = PBXBuildFile; fileRef = B107950B2B8548C700929FF7 /* AlbumTrackCollectionViewCell.swift */; };
		B10795102B857F2000929FF7 /* AlbumTracksResponse.swift in Sources */ = {isa = PBXBuildFile; fileRef = B107950F2B857F2000929FF7 /* AlbumTracksResponse.swift */; };
		B10795122B85827E00929FF7 /* Tracklist.swift in Sources */ = {isa = PBXBuildFile; fileRef = B10795112B85827E00929FF7 /* Tracklist.swift */; };
		B10795142B86C28A00929FF7 /* ArtistAlbumResponse.swift in Sources */ = {isa = PBXBuildFile; fileRef = B10795132B86C28A00929FF7 /* ArtistAlbumResponse.swift */; };
		B10795182B86CD3000929FF7 /* SearchResult.swift in Sources */ = {isa = PBXBuildFile; fileRef = B10795172B86CD3000929FF7 /* SearchResult.swift */; };
		B107951A2B86CE9C00929FF7 /* SearchResultResponse.swift in Sources */ = {isa = PBXBuildFile; fileRef = B10795192B86CE9C00929FF7 /* SearchResultResponse.swift */; };
		B107951C2B86D00B00929FF7 /* SearchSection.swift in Sources */ = {isa = PBXBuildFile; fileRef = B107951B2B86D00B00929FF7 /* SearchSection.swift */; };
		B107951E2B86D04B00929FF7 /* SearchResultViewController.swift in Sources */ = {isa = PBXBuildFile; fileRef = B107951D2B86D04B00929FF7 /* SearchResultViewController.swift */; };
		B10795202B86E37000929FF7 /* SearchResultCollectionViewCell.swift in Sources */ = {isa = PBXBuildFile; fileRef = B107951F2B86E37000929FF7 /* SearchResultCollectionViewCell.swift */; };
		B10795222B86E47900929FF7 /* SearchResultViewModel.swift in Sources */ = {isa = PBXBuildFile; fileRef = B10795212B86E47900929FF7 /* SearchResultViewModel.swift */; };
		B10795262B87B58B00929FF7 /* ArtistViewController.swift in Sources */ = {isa = PBXBuildFile; fileRef = B10795252B87B58B00929FF7 /* ArtistViewController.swift */; };
		B107952A2B88163300929FF7 /* ArtistViewModel.swift in Sources */ = {isa = PBXBuildFile; fileRef = B10795292B88163300929FF7 /* ArtistViewModel.swift */; };
		B107952C2B88331D00929FF7 /* ArtistTracksResponse.swift in Sources */ = {isa = PBXBuildFile; fileRef = B107952B2B88331D00929FF7 /* ArtistTracksResponse.swift */; };
		B10795302B8941BD00929FF7 /* ExpandFooterCollectionReusableView.swift in Sources */ = {isa = PBXBuildFile; fileRef = B107952F2B8941BD00929FF7 /* ExpandFooterCollectionReusableView.swift */; };
		B10795322B8AF75E00929FF7 /* AppDataManager.swift in Sources */ = {isa = PBXBuildFile; fileRef = B10795312B8AF75E00929FF7 /* AppDataManager.swift */; };
		B10795342B8C36C400929FF7 /* AudioManager.swift in Sources */ = {isa = PBXBuildFile; fileRef = B10795332B8C36C400929FF7 /* AudioManager.swift */; };
		B10795382B8C44B000929FF7 /* SettingsModel.swift in Sources */ = {isa = PBXBuildFile; fileRef = B10795372B8C44B000929FF7 /* SettingsModel.swift */; };
		B19CAD292B801CED009671FF /* PlaybackPresenter.swift in Sources */ = {isa = PBXBuildFile; fileRef = B19CAD282B801CED009671FF /* PlaybackPresenter.swift */; };
		B19CAD2D2B81762A009671FF /* AlbumViewController.swift in Sources */ = {isa = PBXBuildFile; fileRef = B19CAD2C2B81762A009671FF /* AlbumViewController.swift */; };
		B19CAD2F2B817653009671FF /* AlbumViewModel.swift in Sources */ = {isa = PBXBuildFile; fileRef = B19CAD2E2B817653009671FF /* AlbumViewModel.swift */; };
		B1CFFF6F2B79FB0F00229CF1 /* AppDelegate.swift in Sources */ = {isa = PBXBuildFile; fileRef = B1CFFF6E2B79FB0F00229CF1 /* AppDelegate.swift */; };
		B1CFFF712B79FB0F00229CF1 /* SceneDelegate.swift in Sources */ = {isa = PBXBuildFile; fileRef = B1CFFF702B79FB0F00229CF1 /* SceneDelegate.swift */; };
		B1CFFF732B79FB0F00229CF1 /* HomeViewController.swift in Sources */ = {isa = PBXBuildFile; fileRef = B1CFFF722B79FB0F00229CF1 /* HomeViewController.swift */; };
		B1CFFF782B79FB1000229CF1 /* Assets.xcassets in Resources */ = {isa = PBXBuildFile; fileRef = B1CFFF772B79FB1000229CF1 /* Assets.xcassets */; };
		B1CFFF7B2B79FB1000229CF1 /* LaunchScreen.storyboard in Resources */ = {isa = PBXBuildFile; fileRef = B1CFFF792B79FB1000229CF1 /* LaunchScreen.storyboard */; };
		B1CFFF892B79FDD700229CF1 /* TabBarViewController.swift in Sources */ = {isa = PBXBuildFile; fileRef = B1CFFF882B79FDD700229CF1 /* TabBarViewController.swift */; };
		B1CFFF8B2B79FDFC00229CF1 /* ProfileViewController.swift in Sources */ = {isa = PBXBuildFile; fileRef = B1CFFF8A2B79FDFC00229CF1 /* ProfileViewController.swift */; };
		B1CFFF8D2B79FE1600229CF1 /* HistoryViewController.swift in Sources */ = {isa = PBXBuildFile; fileRef = B1CFFF8C2B79FE1600229CF1 /* HistoryViewController.swift */; };
		B1CFFF8F2B79FFE300229CF1 /* HomeViewModel.swift in Sources */ = {isa = PBXBuildFile; fileRef = B1CFFF8E2B79FFE300229CF1 /* HomeViewModel.swift */; };
		B1CFFF912B7A01AB00229CF1 /* RecommendedSongCollectionViewCell.swift in Sources */ = {isa = PBXBuildFile; fileRef = B1CFFF902B7A01AB00229CF1 /* RecommendedSongCollectionViewCell.swift */; };
		B1CFFF932B7A02E500229CF1 /* SongCellViewModel.swift in Sources */ = {isa = PBXBuildFile; fileRef = B1CFFF922B7A02E500229CF1 /* SongCellViewModel.swift */; };
		B1CFFF972B7A080800229CF1 /* Extensions.swift in Sources */ = {isa = PBXBuildFile; fileRef = B1CFFF962B7A080800229CF1 /* Extensions.swift */; };
		B1CFFF992B7A867800229CF1 /* SelectGenreViewController.swift in Sources */ = {isa = PBXBuildFile; fileRef = B1CFFF982B7A867800229CF1 /* SelectGenreViewController.swift */; };
		B1CFFF9D2B7AB64B00229CF1 /* GenreOptionCell.swift in Sources */ = {isa = PBXBuildFile; fileRef = B1CFFF9C2B7AB64B00229CF1 /* GenreOptionCell.swift */; };
		B1CFFF9F2B7ABCB400229CF1 /* APICaller.swift in Sources */ = {isa = PBXBuildFile; fileRef = B1CFFF9E2B7ABCB400229CF1 /* APICaller.swift */; };
		B1CFFFA12B7ABDBC00229CF1 /* GenreResponse.swift in Sources */ = {isa = PBXBuildFile; fileRef = B1CFFFA02B7ABDBC00229CF1 /* GenreResponse.swift */; };
		B1CFFFA32B7ABE3100229CF1 /* AuthManager.swift in Sources */ = {isa = PBXBuildFile; fileRef = B1CFFFA22B7ABE3100229CF1 /* AuthManager.swift */; };
		B1CFFFA52B7ABF3C00229CF1 /* AuthResponse.swift in Sources */ = {isa = PBXBuildFile; fileRef = B1CFFFA42B7ABF3C00229CF1 /* AuthResponse.swift */; };
		B1CFFFA72B7ABF6E00229CF1 /* AuthViewController.swift in Sources */ = {isa = PBXBuildFile; fileRef = B1CFFFA62B7ABF6E00229CF1 /* AuthViewController.swift */; };
		B1CFFFA92B7ABF7F00229CF1 /* AuthViewModel.swift in Sources */ = {isa = PBXBuildFile; fileRef = B1CFFFA82B7ABF7F00229CF1 /* AuthViewModel.swift */; };
		B1CFFFAB2B7AC08D00229CF1 /* OnboardingViewController.swift in Sources */ = {isa = PBXBuildFile; fileRef = B1CFFFAA2B7AC08D00229CF1 /* OnboardingViewController.swift */; };
		B1CFFFAD2B7AC1D000229CF1 /* OnboardingViewModel.swift in Sources */ = {isa = PBXBuildFile; fileRef = B1CFFFAC2B7AC1D000229CF1 /* OnboardingViewModel.swift */; };
		B1CFFFB02B7AC58000229CF1 /* SelectGenresViewModel.swift in Sources */ = {isa = PBXBuildFile; fileRef = B1CFFFAF2B7AC58000229CF1 /* SelectGenresViewModel.swift */; };
		B1CFFFB62B7C114500229CF1 /* AlbumCollectionViewCell.swift in Sources */ = {isa = PBXBuildFile; fileRef = B1CFFFB52B7C114500229CF1 /* AlbumCollectionViewCell.swift */; };
		B1CFFFBA2B7C1C7F00229CF1 /* RecommendedTrackResponse.swift in Sources */ = {isa = PBXBuildFile; fileRef = B1CFFFB92B7C1C7F00229CF1 /* RecommendedTrackResponse.swift */; };
		B1CFFFBC2B7C1CA800229CF1 /* AudioTrack.swift in Sources */ = {isa = PBXBuildFile; fileRef = B1CFFFBB2B7C1CA800229CF1 /* AudioTrack.swift */; };
		B1CFFFBE2B7C1CBC00229CF1 /* Album.swift in Sources */ = {isa = PBXBuildFile; fileRef = B1CFFFBD2B7C1CBC00229CF1 /* Album.swift */; };
		B1CFFFC02B7C21BC00229CF1 /* APIImage.swift in Sources */ = {isa = PBXBuildFile; fileRef = B1CFFFBF2B7C21BC00229CF1 /* APIImage.swift */; };
		B1CFFFC22B7C21D000229CF1 /* Artist.swift in Sources */ = {isa = PBXBuildFile; fileRef = B1CFFFC12B7C21D000229CF1 /* Artist.swift */; };
		B1CFFFC52B7C234000229CF1 /* SDWebImage in Frameworks */ = {isa = PBXBuildFile; productRef = B1CFFFC42B7C234000229CF1 /* SDWebImage */; };
		B1CFFFC72B7C234000229CF1 /* SDWebImageMapKit in Frameworks */ = {isa = PBXBuildFile; productRef = B1CFFFC62B7C234000229CF1 /* SDWebImageMapKit */; };
		B1CFFFCB2B7C3AFE00229CF1 /* TitleHeaderCollectionReusableView.swift in Sources */ = {isa = PBXBuildFile; fileRef = B1CFFFCA2B7C3AFE00229CF1 /* TitleHeaderCollectionReusableView.swift */; };
		B1CFFFCE2B7C3F7D00229CF1 /* NewAlbumReleasesResponse.swift in Sources */ = {isa = PBXBuildFile; fileRef = B1CFFFCD2B7C3F7D00229CF1 /* NewAlbumReleasesResponse.swift */; };
		B1CFFFD02B7D09F100229CF1 /* FavoriteArtistCollectionViewCell.swift in Sources */ = {isa = PBXBuildFile; fileRef = B1CFFFCF2B7D09F100229CF1 /* FavoriteArtistCollectionViewCell.swift */; };
		B1CFFFD52B7D36DF00229CF1 /* AddNewArtistCollectionViewCell.swift in Sources */ = {isa = PBXBuildFile; fileRef = B1CFFFD42B7D36DF00229CF1 /* AddNewArtistCollectionViewCell.swift */; };
		B1CFFFD92B7D7F4D00229CF1 /* PlayerViewController.swift in Sources */ = {isa = PBXBuildFile; fileRef = B1CFFFD82B7D7F4D00229CF1 /* PlayerViewController.swift */; };
		B1CFFFDB2B7E6F6100229CF1 /* PlayerControlsView.swift in Sources */ = {isa = PBXBuildFile; fileRef = B1CFFFDA2B7E6F6100229CF1 /* PlayerControlsView.swift */; };
		B1CFFFDD2B7F17A700229CF1 /* PlayerViewModel.swift in Sources */ = {isa = PBXBuildFile; fileRef = B1CFFFDC2B7F17A700229CF1 /* PlayerViewModel.swift */; };
/* End PBXBuildFile section */

/* Begin PBXFileReference section */
		B10795072B83F4AE00929FF7 /* UserDataModel.xcdatamodel */ = {isa = PBXFileReference; lastKnownFileType = wrapper.xcdatamodel; path = UserDataModel.xcdatamodel; sourceTree = "<group>"; };
		B10795092B84823700929FF7 /* ObservableObject.swift */ = {isa = PBXFileReference; lastKnownFileType = sourcecode.swift; path = ObservableObject.swift; sourceTree = "<group>"; };
		B107950B2B8548C700929FF7 /* AlbumTrackCollectionViewCell.swift */ = {isa = PBXFileReference; lastKnownFileType = sourcecode.swift; path = AlbumTrackCollectionViewCell.swift; sourceTree = "<group>"; };
		B107950F2B857F2000929FF7 /* AlbumTracksResponse.swift */ = {isa = PBXFileReference; lastKnownFileType = sourcecode.swift; path = AlbumTracksResponse.swift; sourceTree = "<group>"; };
		B10795112B85827E00929FF7 /* Tracklist.swift */ = {isa = PBXFileReference; lastKnownFileType = sourcecode.swift; path = Tracklist.swift; sourceTree = "<group>"; };
		B10795132B86C28A00929FF7 /* ArtistAlbumResponse.swift */ = {isa = PBXFileReference; lastKnownFileType = sourcecode.swift; path = ArtistAlbumResponse.swift; sourceTree = "<group>"; };
		B10795172B86CD3000929FF7 /* SearchResult.swift */ = {isa = PBXFileReference; lastKnownFileType = sourcecode.swift; path = SearchResult.swift; sourceTree = "<group>"; };
		B10795192B86CE9C00929FF7 /* SearchResultResponse.swift */ = {isa = PBXFileReference; lastKnownFileType = sourcecode.swift; path = SearchResultResponse.swift; sourceTree = "<group>"; };
		B107951B2B86D00B00929FF7 /* SearchSection.swift */ = {isa = PBXFileReference; lastKnownFileType = sourcecode.swift; path = SearchSection.swift; sourceTree = "<group>"; };
		B107951D2B86D04B00929FF7 /* SearchResultViewController.swift */ = {isa = PBXFileReference; lastKnownFileType = sourcecode.swift; path = SearchResultViewController.swift; sourceTree = "<group>"; };
		B107951F2B86E37000929FF7 /* SearchResultCollectionViewCell.swift */ = {isa = PBXFileReference; lastKnownFileType = sourcecode.swift; path = SearchResultCollectionViewCell.swift; sourceTree = "<group>"; };
		B10795212B86E47900929FF7 /* SearchResultViewModel.swift */ = {isa = PBXFileReference; lastKnownFileType = sourcecode.swift; path = SearchResultViewModel.swift; sourceTree = "<group>"; };
		B10795252B87B58B00929FF7 /* ArtistViewController.swift */ = {isa = PBXFileReference; lastKnownFileType = sourcecode.swift; path = ArtistViewController.swift; sourceTree = "<group>"; };
		B10795292B88163300929FF7 /* ArtistViewModel.swift */ = {isa = PBXFileReference; lastKnownFileType = sourcecode.swift; path = ArtistViewModel.swift; sourceTree = "<group>"; };
		B107952B2B88331D00929FF7 /* ArtistTracksResponse.swift */ = {isa = PBXFileReference; lastKnownFileType = sourcecode.swift; path = ArtistTracksResponse.swift; sourceTree = "<group>"; };
		B107952F2B8941BD00929FF7 /* ExpandFooterCollectionReusableView.swift */ = {isa = PBXFileReference; lastKnownFileType = sourcecode.swift; path = ExpandFooterCollectionReusableView.swift; sourceTree = "<group>"; };
		B10795312B8AF75E00929FF7 /* AppDataManager.swift */ = {isa = PBXFileReference; lastKnownFileType = sourcecode.swift; path = AppDataManager.swift; sourceTree = "<group>"; };
		B10795332B8C36C400929FF7 /* AudioManager.swift */ = {isa = PBXFileReference; lastKnownFileType = sourcecode.swift; path = AudioManager.swift; sourceTree = "<group>"; };
		B10795372B8C44B000929FF7 /* SettingsModel.swift */ = {isa = PBXFileReference; lastKnownFileType = sourcecode.swift; path = SettingsModel.swift; sourceTree = "<group>"; };
		B19CAD282B801CED009671FF /* PlaybackPresenter.swift */ = {isa = PBXFileReference; lastKnownFileType = sourcecode.swift; path = PlaybackPresenter.swift; sourceTree = "<group>"; };
		B19CAD2C2B81762A009671FF /* AlbumViewController.swift */ = {isa = PBXFileReference; lastKnownFileType = sourcecode.swift; path = AlbumViewController.swift; sourceTree = "<group>"; };
		B19CAD2E2B817653009671FF /* AlbumViewModel.swift */ = {isa = PBXFileReference; lastKnownFileType = sourcecode.swift; path = AlbumViewModel.swift; sourceTree = "<group>"; };
		B1CFFF6B2B79FB0F00229CF1 /* MyArtiest.app */ = {isa = PBXFileReference; explicitFileType = wrapper.application; includeInIndex = 0; path = MyArtiest.app; sourceTree = BUILT_PRODUCTS_DIR; };
		B1CFFF6E2B79FB0F00229CF1 /* AppDelegate.swift */ = {isa = PBXFileReference; lastKnownFileType = sourcecode.swift; path = AppDelegate.swift; sourceTree = "<group>"; };
		B1CFFF702B79FB0F00229CF1 /* SceneDelegate.swift */ = {isa = PBXFileReference; lastKnownFileType = sourcecode.swift; path = SceneDelegate.swift; sourceTree = "<group>"; };
		B1CFFF722B79FB0F00229CF1 /* HomeViewController.swift */ = {isa = PBXFileReference; lastKnownFileType = sourcecode.swift; path = HomeViewController.swift; sourceTree = "<group>"; };
		B1CFFF772B79FB1000229CF1 /* Assets.xcassets */ = {isa = PBXFileReference; lastKnownFileType = folder.assetcatalog; path = Assets.xcassets; sourceTree = "<group>"; };
		B1CFFF7A2B79FB1000229CF1 /* Base */ = {isa = PBXFileReference; lastKnownFileType = file.storyboard; name = Base; path = Base.lproj/LaunchScreen.storyboard; sourceTree = "<group>"; };
		B1CFFF7C2B79FB1000229CF1 /* Info.plist */ = {isa = PBXFileReference; lastKnownFileType = text.plist.xml; path = Info.plist; sourceTree = "<group>"; };
		B1CFFF882B79FDD700229CF1 /* TabBarViewController.swift */ = {isa = PBXFileReference; lastKnownFileType = sourcecode.swift; path = TabBarViewController.swift; sourceTree = "<group>"; };
		B1CFFF8A2B79FDFC00229CF1 /* ProfileViewController.swift */ = {isa = PBXFileReference; lastKnownFileType = sourcecode.swift; path = ProfileViewController.swift; sourceTree = "<group>"; };
		B1CFFF8C2B79FE1600229CF1 /* HistoryViewController.swift */ = {isa = PBXFileReference; lastKnownFileType = sourcecode.swift; path = HistoryViewController.swift; sourceTree = "<group>"; };
		B1CFFF8E2B79FFE300229CF1 /* HomeViewModel.swift */ = {isa = PBXFileReference; lastKnownFileType = sourcecode.swift; path = HomeViewModel.swift; sourceTree = "<group>"; };
		B1CFFF902B7A01AB00229CF1 /* RecommendedSongCollectionViewCell.swift */ = {isa = PBXFileReference; lastKnownFileType = sourcecode.swift; path = RecommendedSongCollectionViewCell.swift; sourceTree = "<group>"; };
		B1CFFF922B7A02E500229CF1 /* SongCellViewModel.swift */ = {isa = PBXFileReference; lastKnownFileType = sourcecode.swift; path = SongCellViewModel.swift; sourceTree = "<group>"; };
		B1CFFF962B7A080800229CF1 /* Extensions.swift */ = {isa = PBXFileReference; lastKnownFileType = sourcecode.swift; path = Extensions.swift; sourceTree = "<group>"; };
		B1CFFF982B7A867800229CF1 /* SelectGenreViewController.swift */ = {isa = PBXFileReference; lastKnownFileType = sourcecode.swift; path = SelectGenreViewController.swift; sourceTree = "<group>"; };
		B1CFFF9C2B7AB64B00229CF1 /* GenreOptionCell.swift */ = {isa = PBXFileReference; lastKnownFileType = sourcecode.swift; path = GenreOptionCell.swift; sourceTree = "<group>"; };
		B1CFFF9E2B7ABCB400229CF1 /* APICaller.swift */ = {isa = PBXFileReference; lastKnownFileType = sourcecode.swift; path = APICaller.swift; sourceTree = "<group>"; };
		B1CFFFA02B7ABDBC00229CF1 /* GenreResponse.swift */ = {isa = PBXFileReference; lastKnownFileType = sourcecode.swift; path = GenreResponse.swift; sourceTree = "<group>"; };
		B1CFFFA22B7ABE3100229CF1 /* AuthManager.swift */ = {isa = PBXFileReference; lastKnownFileType = sourcecode.swift; path = AuthManager.swift; sourceTree = "<group>"; };
		B1CFFFA42B7ABF3C00229CF1 /* AuthResponse.swift */ = {isa = PBXFileReference; lastKnownFileType = sourcecode.swift; path = AuthResponse.swift; sourceTree = "<group>"; };
		B1CFFFA62B7ABF6E00229CF1 /* AuthViewController.swift */ = {isa = PBXFileReference; lastKnownFileType = sourcecode.swift; path = AuthViewController.swift; sourceTree = "<group>"; };
		B1CFFFA82B7ABF7F00229CF1 /* AuthViewModel.swift */ = {isa = PBXFileReference; lastKnownFileType = sourcecode.swift; path = AuthViewModel.swift; sourceTree = "<group>"; };
		B1CFFFAA2B7AC08D00229CF1 /* OnboardingViewController.swift */ = {isa = PBXFileReference; lastKnownFileType = sourcecode.swift; path = OnboardingViewController.swift; sourceTree = "<group>"; };
		B1CFFFAC2B7AC1D000229CF1 /* OnboardingViewModel.swift */ = {isa = PBXFileReference; lastKnownFileType = sourcecode.swift; path = OnboardingViewModel.swift; sourceTree = "<group>"; };
		B1CFFFAE2B7AC33D00229CF1 /* config.xcconfig */ = {isa = PBXFileReference; lastKnownFileType = text.xcconfig; path = config.xcconfig; sourceTree = "<group>"; };
		B1CFFFAF2B7AC58000229CF1 /* SelectGenresViewModel.swift */ = {isa = PBXFileReference; lastKnownFileType = sourcecode.swift; path = SelectGenresViewModel.swift; sourceTree = "<group>"; };
		B1CFFFB52B7C114500229CF1 /* AlbumCollectionViewCell.swift */ = {isa = PBXFileReference; lastKnownFileType = sourcecode.swift; path = AlbumCollectionViewCell.swift; sourceTree = "<group>"; };
		B1CFFFB92B7C1C7F00229CF1 /* RecommendedTrackResponse.swift */ = {isa = PBXFileReference; lastKnownFileType = sourcecode.swift; path = RecommendedTrackResponse.swift; sourceTree = "<group>"; };
		B1CFFFBB2B7C1CA800229CF1 /* AudioTrack.swift */ = {isa = PBXFileReference; lastKnownFileType = sourcecode.swift; path = AudioTrack.swift; sourceTree = "<group>"; };
		B1CFFFBD2B7C1CBC00229CF1 /* Album.swift */ = {isa = PBXFileReference; lastKnownFileType = sourcecode.swift; path = Album.swift; sourceTree = "<group>"; };
		B1CFFFBF2B7C21BC00229CF1 /* APIImage.swift */ = {isa = PBXFileReference; lastKnownFileType = sourcecode.swift; path = APIImage.swift; sourceTree = "<group>"; };
		B1CFFFC12B7C21D000229CF1 /* Artist.swift */ = {isa = PBXFileReference; lastKnownFileType = sourcecode.swift; path = Artist.swift; sourceTree = "<group>"; };
		B1CFFFCA2B7C3AFE00229CF1 /* TitleHeaderCollectionReusableView.swift */ = {isa = PBXFileReference; lastKnownFileType = sourcecode.swift; path = TitleHeaderCollectionReusableView.swift; sourceTree = "<group>"; };
		B1CFFFCD2B7C3F7D00229CF1 /* NewAlbumReleasesResponse.swift */ = {isa = PBXFileReference; lastKnownFileType = sourcecode.swift; path = NewAlbumReleasesResponse.swift; sourceTree = "<group>"; };
		B1CFFFCF2B7D09F100229CF1 /* FavoriteArtistCollectionViewCell.swift */ = {isa = PBXFileReference; lastKnownFileType = sourcecode.swift; path = FavoriteArtistCollectionViewCell.swift; sourceTree = "<group>"; };
		B1CFFFD42B7D36DF00229CF1 /* AddNewArtistCollectionViewCell.swift */ = {isa = PBXFileReference; lastKnownFileType = sourcecode.swift; path = AddNewArtistCollectionViewCell.swift; sourceTree = "<group>"; };
		B1CFFFD82B7D7F4D00229CF1 /* PlayerViewController.swift */ = {isa = PBXFileReference; lastKnownFileType = sourcecode.swift; path = PlayerViewController.swift; sourceTree = "<group>"; };
		B1CFFFDA2B7E6F6100229CF1 /* PlayerControlsView.swift */ = {isa = PBXFileReference; lastKnownFileType = sourcecode.swift; path = PlayerControlsView.swift; sourceTree = "<group>"; };
		B1CFFFDC2B7F17A700229CF1 /* PlayerViewModel.swift */ = {isa = PBXFileReference; lastKnownFileType = sourcecode.swift; path = PlayerViewModel.swift; sourceTree = "<group>"; };
/* End PBXFileReference section */

/* Begin PBXFrameworksBuildPhase section */
		B1CFFF682B79FB0F00229CF1 /* Frameworks */ = {
			isa = PBXFrameworksBuildPhase;
			buildActionMask = 2147483647;
			files = (
				B1CFFFC72B7C234000229CF1 /* SDWebImageMapKit in Frameworks */,
				B1CFFFC52B7C234000229CF1 /* SDWebImage in Frameworks */,
			);
			runOnlyForDeploymentPostprocessing = 0;
		};
/* End PBXFrameworksBuildPhase section */

/* Begin PBXGroup section */
		B19CAD262B801CCE009671FF /* Presenter */ = {
			isa = PBXGroup;
			children = (
				B19CAD282B801CED009671FF /* PlaybackPresenter.swift */,
			);
			path = Presenter;
			sourceTree = "<group>";
		};
		B1CFFF622B79FB0F00229CF1 = {
			isa = PBXGroup;
			children = (
				B1CFFFAE2B7AC33D00229CF1 /* config.xcconfig */,
				B1CFFF6D2B79FB0F00229CF1 /* MyArtiest */,
				B1CFFF6C2B79FB0F00229CF1 /* Products */,
			);
			sourceTree = "<group>";
		};
		B1CFFF6C2B79FB0F00229CF1 /* Products */ = {
			isa = PBXGroup;
			children = (
				B1CFFF6B2B79FB0F00229CF1 /* MyArtiest.app */,
			);
			name = Products;
			sourceTree = "<group>";
		};
		B1CFFF6D2B79FB0F00229CF1 /* MyArtiest */ = {
			isa = PBXGroup;
			children = (
				B19CAD262B801CCE009671FF /* Presenter */,
				B1CFFF872B79FC6200229CF1 /* Managers */,
				B1CFFF852B79FC5600229CF1 /* Models */,
				B1CFFF832B79FC4B00229CF1 /* Views */,
				B1CFFF862B79FC5D00229CF1 /* ViewModels */,
				B1CFFF842B79FC4F00229CF1 /* Controllers */,
				B1CFFF822B79FC4500229CF1 /* Resources */,
				B1CFFF7C2B79FB1000229CF1 /* Info.plist */,
			);
			path = MyArtiest;
			sourceTree = "<group>";
		};
		B1CFFF822B79FC4500229CF1 /* Resources */ = {
			isa = PBXGroup;
			children = (
				B10795062B83F4AE00929FF7 /* MyArtiestDataModel.xcdatamodeld */,
				B1CFFF772B79FB1000229CF1 /* Assets.xcassets */,
				B1CFFF6E2B79FB0F00229CF1 /* AppDelegate.swift */,
				B1CFFF702B79FB0F00229CF1 /* SceneDelegate.swift */,
				B1CFFF962B7A080800229CF1 /* Extensions.swift */,
				B10795092B84823700929FF7 /* ObservableObject.swift */,
			);
			path = Resources;
			sourceTree = "<group>";
		};
		B1CFFF832B79FC4B00229CF1 /* Views */ = {
			isa = PBXGroup;
			children = (
				B1CFFF792B79FB1000229CF1 /* LaunchScreen.storyboard */,
				B1CFFF902B7A01AB00229CF1 /* RecommendedSongCollectionViewCell.swift */,
				B1CFFFB52B7C114500229CF1 /* AlbumCollectionViewCell.swift */,
				B1CFFF9C2B7AB64B00229CF1 /* GenreOptionCell.swift */,
				B1CFFFCA2B7C3AFE00229CF1 /* TitleHeaderCollectionReusableView.swift */,
				B1CFFFCF2B7D09F100229CF1 /* FavoriteArtistCollectionViewCell.swift */,
				B1CFFFD42B7D36DF00229CF1 /* AddNewArtistCollectionViewCell.swift */,
				B1CFFFDA2B7E6F6100229CF1 /* PlayerControlsView.swift */,
				B107950B2B8548C700929FF7 /* AlbumTrackCollectionViewCell.swift */,
				B107951F2B86E37000929FF7 /* SearchResultCollectionViewCell.swift */,
				B107952F2B8941BD00929FF7 /* ExpandFooterCollectionReusableView.swift */,
			);
			path = Views;
			sourceTree = "<group>";
		};
		B1CFFF842B79FC4F00229CF1 /* Controllers */ = {
			isa = PBXGroup;
			children = (
				B1CFFF9B2B7A86A300229CF1 /* Other */,
				B1CFFF9A2B7A869B00229CF1 /* Core */,
			);
			path = Controllers;
			sourceTree = "<group>";
		};
		B1CFFF852B79FC5600229CF1 /* Models */ = {
			isa = PBXGroup;
			children = (
				B1CFFFCC2B7C3D1400229CF1 /* Responses */,
				B1CFFFBB2B7C1CA800229CF1 /* AudioTrack.swift */,
				B1CFFFBF2B7C21BC00229CF1 /* APIImage.swift */,
				B1CFFFBD2B7C1CBC00229CF1 /* Album.swift */,
				B1CFFFC12B7C21D000229CF1 /* Artist.swift */,
				B10795112B85827E00929FF7 /* Tracklist.swift */,
				B10795172B86CD3000929FF7 /* SearchResult.swift */,
				B107951B2B86D00B00929FF7 /* SearchSection.swift */,
				B10795372B8C44B000929FF7 /* SettingsModel.swift */,
			);
			path = Models;
			sourceTree = "<group>";
		};
		B1CFFF862B79FC5D00229CF1 /* ViewModels */ = {
			isa = PBXGroup;
			children = (
				B1CFFF922B7A02E500229CF1 /* SongCellViewModel.swift */,
				B1CFFF8E2B79FFE300229CF1 /* HomeViewModel.swift */,
				B1CFFFA82B7ABF7F00229CF1 /* AuthViewModel.swift */,
				B1CFFFAC2B7AC1D000229CF1 /* OnboardingViewModel.swift */,
				B1CFFFAF2B7AC58000229CF1 /* SelectGenresViewModel.swift */,
				B1CFFFDC2B7F17A700229CF1 /* PlayerViewModel.swift */,
				B19CAD2E2B817653009671FF /* AlbumViewModel.swift */,
				B10795212B86E47900929FF7 /* SearchResultViewModel.swift */,
				B10795292B88163300929FF7 /* ArtistViewModel.swift */,
			);
			path = ViewModels;
			sourceTree = "<group>";
		};
		B1CFFF872B79FC6200229CF1 /* Managers */ = {
			isa = PBXGroup;
			children = (
				B1CFFF9E2B7ABCB400229CF1 /* APICaller.swift */,
				B1CFFFA22B7ABE3100229CF1 /* AuthManager.swift */,
				B10795312B8AF75E00929FF7 /* AppDataManager.swift */,
				B10795332B8C36C400929FF7 /* AudioManager.swift */,
			);
			path = Managers;
			sourceTree = "<group>";
		};
		B1CFFF9A2B7A869B00229CF1 /* Core */ = {
			isa = PBXGroup;
			children = (
				B1CFFF722B79FB0F00229CF1 /* HomeViewController.swift */,
				B1CFFF882B79FDD700229CF1 /* TabBarViewController.swift */,
				B1CFFF8A2B79FDFC00229CF1 /* ProfileViewController.swift */,
				B1CFFF8C2B79FE1600229CF1 /* HistoryViewController.swift */,
			);
			path = Core;
			sourceTree = "<group>";
		};
		B1CFFF9B2B7A86A300229CF1 /* Other */ = {
			isa = PBXGroup;
			children = (
				B1CFFF982B7A867800229CF1 /* SelectGenreViewController.swift */,
				B1CFFFA62B7ABF6E00229CF1 /* AuthViewController.swift */,
				B1CFFFAA2B7AC08D00229CF1 /* OnboardingViewController.swift */,
				B1CFFFD82B7D7F4D00229CF1 /* PlayerViewController.swift */,
				B19CAD2C2B81762A009671FF /* AlbumViewController.swift */,
				B107951D2B86D04B00929FF7 /* SearchResultViewController.swift */,
				B10795252B87B58B00929FF7 /* ArtistViewController.swift */,
			);
			path = Other;
			sourceTree = "<group>";
		};
		B1CFFFCC2B7C3D1400229CF1 /* Responses */ = {
			isa = PBXGroup;
			children = (
				B1CFFFA02B7ABDBC00229CF1 /* GenreResponse.swift */,
				B1CFFFA42B7ABF3C00229CF1 /* AuthResponse.swift */,
				B1CFFFB92B7C1C7F00229CF1 /* RecommendedTrackResponse.swift */,
				B1CFFFCD2B7C3F7D00229CF1 /* NewAlbumReleasesResponse.swift */,
				B107950F2B857F2000929FF7 /* AlbumTracksResponse.swift */,
				B10795132B86C28A00929FF7 /* ArtistAlbumResponse.swift */,
				B10795192B86CE9C00929FF7 /* SearchResultResponse.swift */,
				B107952B2B88331D00929FF7 /* ArtistTracksResponse.swift */,
			);
			path = Responses;
			sourceTree = "<group>";
		};
/* End PBXGroup section */

/* Begin PBXNativeTarget section */
		B1CFFF6A2B79FB0F00229CF1 /* MyArtiest */ = {
			isa = PBXNativeTarget;
			buildConfigurationList = B1CFFF7F2B79FB1000229CF1 /* Build configuration list for PBXNativeTarget "MyArtiest" */;
			buildPhases = (
				B1CFFF672B79FB0F00229CF1 /* Sources */,
				B1CFFF682B79FB0F00229CF1 /* Frameworks */,
				B1CFFF692B79FB0F00229CF1 /* Resources */,
			);
			buildRules = (
			);
			dependencies = (
			);
			name = MyArtiest;
			packageProductDependencies = (
				B1CFFFC42B7C234000229CF1 /* SDWebImage */,
				B1CFFFC62B7C234000229CF1 /* SDWebImageMapKit */,
			);
			productName = MyArtiest;
			productReference = B1CFFF6B2B79FB0F00229CF1 /* MyArtiest.app */;
			productType = "com.apple.product-type.application";
		};
/* End PBXNativeTarget section */

/* Begin PBXProject section */
		B1CFFF632B79FB0F00229CF1 /* Project object */ = {
			isa = PBXProject;
			attributes = {
				BuildIndependentTargetsInParallel = 1;
				LastSwiftUpdateCheck = 1520;
				LastUpgradeCheck = 1520;
				TargetAttributes = {
					B1CFFF6A2B79FB0F00229CF1 = {
						CreatedOnToolsVersion = 15.2;
					};
				};
			};
			buildConfigurationList = B1CFFF662B79FB0F00229CF1 /* Build configuration list for PBXProject "MyArtiest" */;
			compatibilityVersion = "Xcode 14.0";
			developmentRegion = en;
			hasScannedForEncodings = 0;
			knownRegions = (
				en,
				Base,
			);
			mainGroup = B1CFFF622B79FB0F00229CF1;
			packageReferences = (
				B1CFFFC32B7C234000229CF1 /* XCRemoteSwiftPackageReference "SDWebImage" */,
			);
			productRefGroup = B1CFFF6C2B79FB0F00229CF1 /* Products */;
			projectDirPath = "";
			projectRoot = "";
			targets = (
				B1CFFF6A2B79FB0F00229CF1 /* MyArtiest */,
			);
		};
/* End PBXProject section */

/* Begin PBXResourcesBuildPhase section */
		B1CFFF692B79FB0F00229CF1 /* Resources */ = {
			isa = PBXResourcesBuildPhase;
			buildActionMask = 2147483647;
			files = (
				B1CFFF7B2B79FB1000229CF1 /* LaunchScreen.storyboard in Resources */,
				B1CFFF782B79FB1000229CF1 /* Assets.xcassets in Resources */,
			);
			runOnlyForDeploymentPostprocessing = 0;
		};
/* End PBXResourcesBuildPhase section */

/* Begin PBXSourcesBuildPhase section */
		B1CFFF672B79FB0F00229CF1 /* Sources */ = {
			isa = PBXSourcesBuildPhase;
			buildActionMask = 2147483647;
			files = (
				B1CFFF892B79FDD700229CF1 /* TabBarViewController.swift in Sources */,
				B1CFFFD92B7D7F4D00229CF1 /* PlayerViewController.swift in Sources */,
				B10795302B8941BD00929FF7 /* ExpandFooterCollectionReusableView.swift in Sources */,
				B1CFFF932B7A02E500229CF1 /* SongCellViewModel.swift in Sources */,
				B1CFFFA12B7ABDBC00229CF1 /* GenreResponse.swift in Sources */,
				B1CFFFB62B7C114500229CF1 /* AlbumCollectionViewCell.swift in Sources */,
				B1CFFFDB2B7E6F6100229CF1 /* PlayerControlsView.swift in Sources */,
				B1CFFF992B7A867800229CF1 /* SelectGenreViewController.swift in Sources */,
				B1CFFF732B79FB0F00229CF1 /* HomeViewController.swift in Sources */,
				B19CAD292B801CED009671FF /* PlaybackPresenter.swift in Sources */,
				B1CFFFC22B7C21D000229CF1 /* Artist.swift in Sources */,
				B1CFFFBC2B7C1CA800229CF1 /* AudioTrack.swift in Sources */,
				B19CAD2F2B817653009671FF /* AlbumViewModel.swift in Sources */,
				B1CFFFA92B7ABF7F00229CF1 /* AuthViewModel.swift in Sources */,
				B19CAD2D2B81762A009671FF /* AlbumViewController.swift in Sources */,
				B10795222B86E47900929FF7 /* SearchResultViewModel.swift in Sources */,
				B1CFFFCB2B7C3AFE00229CF1 /* TitleHeaderCollectionReusableView.swift in Sources */,
				B1CFFFAB2B7AC08D00229CF1 /* OnboardingViewController.swift in Sources */,
				B1CFFF8F2B79FFE300229CF1 /* HomeViewModel.swift in Sources */,
				B1CFFFA32B7ABE3100229CF1 /* AuthManager.swift in Sources */,
				B10795142B86C28A00929FF7 /* ArtistAlbumResponse.swift in Sources */,
				B1CFFF8D2B79FE1600229CF1 /* HistoryViewController.swift in Sources */,
				B1CFFF8B2B79FDFC00229CF1 /* ProfileViewController.swift in Sources */,
				B107951C2B86D00B00929FF7 /* SearchSection.swift in Sources */,
				B107952C2B88331D00929FF7 /* ArtistTracksResponse.swift in Sources */,
				B1CFFF9D2B7AB64B00229CF1 /* GenreOptionCell.swift in Sources */,
				B10795182B86CD3000929FF7 /* SearchResult.swift in Sources */,
				B1CFFFD52B7D36DF00229CF1 /* AddNewArtistCollectionViewCell.swift in Sources */,
				B10795082B83F4AE00929FF7 /* MyArtiestDataModel.xcdatamodeld in Sources */,
				B1CFFF9F2B7ABCB400229CF1 /* APICaller.swift in Sources */,
				B1CFFFC02B7C21BC00229CF1 /* APIImage.swift in Sources */,
				B10795262B87B58B00929FF7 /* ArtistViewController.swift in Sources */,
				B1CFFF912B7A01AB00229CF1 /* RecommendedSongCollectionViewCell.swift in Sources */,
				B107950C2B8548C700929FF7 /* AlbumTrackCollectionViewCell.swift in Sources */,
				B1CFFFD02B7D09F100229CF1 /* FavoriteArtistCollectionViewCell.swift in Sources */,
				B10795322B8AF75E00929FF7 /* AppDataManager.swift in Sources */,
				B1CFFFBA2B7C1C7F00229CF1 /* RecommendedTrackResponse.swift in Sources */,
				B1CFFF6F2B79FB0F00229CF1 /* AppDelegate.swift in Sources */,
				B1CFFF972B7A080800229CF1 /* Extensions.swift in Sources */,
				B1CFFF712B79FB0F00229CF1 /* SceneDelegate.swift in Sources */,
				B10795382B8C44B000929FF7 /* SettingsModel.swift in Sources */,
				B1CFFFCE2B7C3F7D00229CF1 /* NewAlbumReleasesResponse.swift in Sources */,
				B10795102B857F2000929FF7 /* AlbumTracksResponse.swift in Sources */,
				B1CFFFA72B7ABF6E00229CF1 /* AuthViewController.swift in Sources */,
				B1CFFFBE2B7C1CBC00229CF1 /* Album.swift in Sources */,
				B107951A2B86CE9C00929FF7 /* SearchResultResponse.swift in Sources */,
				B107951E2B86D04B00929FF7 /* SearchResultViewController.swift in Sources */,
				B1CFFFAD2B7AC1D000229CF1 /* OnboardingViewModel.swift in Sources */,
				B10795122B85827E00929FF7 /* Tracklist.swift in Sources */,
				B10795202B86E37000929FF7 /* SearchResultCollectionViewCell.swift in Sources */,
				B107950A2B84823700929FF7 /* ObservableObject.swift in Sources */,
				B1CFFFB02B7AC58000229CF1 /* SelectGenresViewModel.swift in Sources */,
				B107952A2B88163300929FF7 /* ArtistViewModel.swift in Sources */,
				B1CFFFA52B7ABF3C00229CF1 /* AuthResponse.swift in Sources */,
				B10795342B8C36C400929FF7 /* AudioManager.swift in Sources */,
				B1CFFFDD2B7F17A700229CF1 /* PlayerViewModel.swift in Sources */,
			);
			runOnlyForDeploymentPostprocessing = 0;
		};
/* End PBXSourcesBuildPhase section */

/* Begin PBXVariantGroup section */
		B1CFFF792B79FB1000229CF1 /* LaunchScreen.storyboard */ = {
			isa = PBXVariantGroup;
			children = (
				B1CFFF7A2B79FB1000229CF1 /* Base */,
			);
			name = LaunchScreen.storyboard;
			sourceTree = "<group>";
		};
/* End PBXVariantGroup section */

/* Begin XCBuildConfiguration section */
		B1CFFF7D2B79FB1000229CF1 /* Debug */ = {
			isa = XCBuildConfiguration;
			baseConfigurationReference = B1CFFFAE2B7AC33D00229CF1 /* config.xcconfig */;
			buildSettings = {
				ALWAYS_SEARCH_USER_PATHS = NO;
				ASSETCATALOG_COMPILER_GENERATE_SWIFT_ASSET_SYMBOL_EXTENSIONS = YES;
				CLANG_ANALYZER_NONNULL = YES;
				CLANG_ANALYZER_NUMBER_OBJECT_CONVERSION = YES_AGGRESSIVE;
				CLANG_CXX_LANGUAGE_STANDARD = "gnu++20";
				CLANG_ENABLE_MODULES = YES;
				CLANG_ENABLE_OBJC_ARC = YES;
				CLANG_ENABLE_OBJC_WEAK = YES;
				CLANG_WARN_BLOCK_CAPTURE_AUTORELEASING = YES;
				CLANG_WARN_BOOL_CONVERSION = YES;
				CLANG_WARN_COMMA = YES;
				CLANG_WARN_CONSTANT_CONVERSION = YES;
				CLANG_WARN_DEPRECATED_OBJC_IMPLEMENTATIONS = YES;
				CLANG_WARN_DIRECT_OBJC_ISA_USAGE = YES_ERROR;
				CLANG_WARN_DOCUMENTATION_COMMENTS = YES;
				CLANG_WARN_EMPTY_BODY = YES;
				CLANG_WARN_ENUM_CONVERSION = YES;
				CLANG_WARN_INFINITE_RECURSION = YES;
				CLANG_WARN_INT_CONVERSION = YES;
				CLANG_WARN_NON_LITERAL_NULL_CONVERSION = YES;
				CLANG_WARN_OBJC_IMPLICIT_RETAIN_SELF = YES;
				CLANG_WARN_OBJC_LITERAL_CONVERSION = YES;
				CLANG_WARN_OBJC_ROOT_CLASS = YES_ERROR;
				CLANG_WARN_QUOTED_INCLUDE_IN_FRAMEWORK_HEADER = YES;
				CLANG_WARN_RANGE_LOOP_ANALYSIS = YES;
				CLANG_WARN_STRICT_PROTOTYPES = YES;
				CLANG_WARN_SUSPICIOUS_MOVE = YES;
				CLANG_WARN_UNGUARDED_AVAILABILITY = YES_AGGRESSIVE;
				CLANG_WARN_UNREACHABLE_CODE = YES;
				CLANG_WARN__DUPLICATE_METHOD_MATCH = YES;
				COPY_PHASE_STRIP = NO;
				DEBUG_INFORMATION_FORMAT = dwarf;
				ENABLE_STRICT_OBJC_MSGSEND = YES;
				ENABLE_TESTABILITY = YES;
				ENABLE_USER_SCRIPT_SANDBOXING = YES;
				GCC_C_LANGUAGE_STANDARD = gnu17;
				GCC_DYNAMIC_NO_PIC = NO;
				GCC_NO_COMMON_BLOCKS = YES;
				GCC_OPTIMIZATION_LEVEL = 0;
				GCC_PREPROCESSOR_DEFINITIONS = (
					"DEBUG=1",
					"$(inherited)",
				);
				GCC_WARN_64_TO_32_BIT_CONVERSION = YES;
				GCC_WARN_ABOUT_RETURN_TYPE = YES_ERROR;
				GCC_WARN_UNDECLARED_SELECTOR = YES;
				GCC_WARN_UNINITIALIZED_AUTOS = YES_AGGRESSIVE;
				GCC_WARN_UNUSED_FUNCTION = YES;
				GCC_WARN_UNUSED_VARIABLE = YES;
				IPHONEOS_DEPLOYMENT_TARGET = 17.2;
				LOCALIZATION_PREFERS_STRING_CATALOGS = YES;
				MTL_ENABLE_DEBUG_INFO = INCLUDE_SOURCE;
				MTL_FAST_MATH = YES;
				ONLY_ACTIVE_ARCH = YES;
				SDKROOT = iphoneos;
				SWIFT_ACTIVE_COMPILATION_CONDITIONS = "DEBUG $(inherited)";
				SWIFT_OPTIMIZATION_LEVEL = "-Onone";
			};
			name = Debug;
		};
		B1CFFF7E2B79FB1000229CF1 /* Release */ = {
			isa = XCBuildConfiguration;
			baseConfigurationReference = B1CFFFAE2B7AC33D00229CF1 /* config.xcconfig */;
			buildSettings = {
				ALWAYS_SEARCH_USER_PATHS = NO;
				ASSETCATALOG_COMPILER_GENERATE_SWIFT_ASSET_SYMBOL_EXTENSIONS = YES;
				CLANG_ANALYZER_NONNULL = YES;
				CLANG_ANALYZER_NUMBER_OBJECT_CONVERSION = YES_AGGRESSIVE;
				CLANG_CXX_LANGUAGE_STANDARD = "gnu++20";
				CLANG_ENABLE_MODULES = YES;
				CLANG_ENABLE_OBJC_ARC = YES;
				CLANG_ENABLE_OBJC_WEAK = YES;
				CLANG_WARN_BLOCK_CAPTURE_AUTORELEASING = YES;
				CLANG_WARN_BOOL_CONVERSION = YES;
				CLANG_WARN_COMMA = YES;
				CLANG_WARN_CONSTANT_CONVERSION = YES;
				CLANG_WARN_DEPRECATED_OBJC_IMPLEMENTATIONS = YES;
				CLANG_WARN_DIRECT_OBJC_ISA_USAGE = YES_ERROR;
				CLANG_WARN_DOCUMENTATION_COMMENTS = YES;
				CLANG_WARN_EMPTY_BODY = YES;
				CLANG_WARN_ENUM_CONVERSION = YES;
				CLANG_WARN_INFINITE_RECURSION = YES;
				CLANG_WARN_INT_CONVERSION = YES;
				CLANG_WARN_NON_LITERAL_NULL_CONVERSION = YES;
				CLANG_WARN_OBJC_IMPLICIT_RETAIN_SELF = YES;
				CLANG_WARN_OBJC_LITERAL_CONVERSION = YES;
				CLANG_WARN_OBJC_ROOT_CLASS = YES_ERROR;
				CLANG_WARN_QUOTED_INCLUDE_IN_FRAMEWORK_HEADER = YES;
				CLANG_WARN_RANGE_LOOP_ANALYSIS = YES;
				CLANG_WARN_STRICT_PROTOTYPES = YES;
				CLANG_WARN_SUSPICIOUS_MOVE = YES;
				CLANG_WARN_UNGUARDED_AVAILABILITY = YES_AGGRESSIVE;
				CLANG_WARN_UNREACHABLE_CODE = YES;
				CLANG_WARN__DUPLICATE_METHOD_MATCH = YES;
				COPY_PHASE_STRIP = NO;
				DEBUG_INFORMATION_FORMAT = "dwarf-with-dsym";
				ENABLE_NS_ASSERTIONS = NO;
				ENABLE_STRICT_OBJC_MSGSEND = YES;
				ENABLE_USER_SCRIPT_SANDBOXING = YES;
				GCC_C_LANGUAGE_STANDARD = gnu17;
				GCC_NO_COMMON_BLOCKS = YES;
				GCC_WARN_64_TO_32_BIT_CONVERSION = YES;
				GCC_WARN_ABOUT_RETURN_TYPE = YES_ERROR;
				GCC_WARN_UNDECLARED_SELECTOR = YES;
				GCC_WARN_UNINITIALIZED_AUTOS = YES_AGGRESSIVE;
				GCC_WARN_UNUSED_FUNCTION = YES;
				GCC_WARN_UNUSED_VARIABLE = YES;
				IPHONEOS_DEPLOYMENT_TARGET = 17.2;
				LOCALIZATION_PREFERS_STRING_CATALOGS = YES;
				MTL_ENABLE_DEBUG_INFO = NO;
				MTL_FAST_MATH = YES;
				SDKROOT = iphoneos;
				SWIFT_COMPILATION_MODE = wholemodule;
				VALIDATE_PRODUCT = YES;
			};
			name = Release;
		};
		B1CFFF802B79FB1000229CF1 /* Debug */ = {
			isa = XCBuildConfiguration;
			buildSettings = {
				ASSETCATALOG_COMPILER_APPICON_NAME = AppIcon;
				ASSETCATALOG_COMPILER_GLOBAL_ACCENT_COLOR_NAME = AccentColor;
				CODE_SIGN_STYLE = Automatic;
				CURRENT_PROJECT_VERSION = 1;
				DEVELOPMENT_TEAM = 7J4CZQNAZR;
				GENERATE_INFOPLIST_FILE = YES;
				INFOPLIST_FILE = MyArtiest/Info.plist;
				INFOPLIST_KEY_UIApplicationSupportsIndirectInputEvents = YES;
				INFOPLIST_KEY_UILaunchStoryboardName = LaunchScreen;
				INFOPLIST_KEY_UISupportedInterfaceOrientations_iPad = "UIInterfaceOrientationPortrait UIInterfaceOrientationPortraitUpsideDown UIInterfaceOrientationLandscapeLeft UIInterfaceOrientationLandscapeRight";
				INFOPLIST_KEY_UISupportedInterfaceOrientations_iPhone = "UIInterfaceOrientationPortrait UIInterfaceOrientationLandscapeLeft UIInterfaceOrientationLandscapeRight";
				LD_RUNPATH_SEARCH_PATHS = (
					"$(inherited)",
					"@executable_path/Frameworks",
				);
				MARKETING_VERSION = 1.0;
				PRODUCT_BUNDLE_IDENTIFIER = phan.mike.MyArtiest;
				PRODUCT_NAME = "$(TARGET_NAME)";
				SWIFT_EMIT_LOC_STRINGS = YES;
				SWIFT_VERSION = 5.0;
				TARGETED_DEVICE_FAMILY = "1,2";
			};
			name = Debug;
		};
		B1CFFF812B79FB1000229CF1 /* Release */ = {
			isa = XCBuildConfiguration;
			buildSettings = {
				ASSETCATALOG_COMPILER_APPICON_NAME = AppIcon;
				ASSETCATALOG_COMPILER_GLOBAL_ACCENT_COLOR_NAME = AccentColor;
				CODE_SIGN_STYLE = Automatic;
				CURRENT_PROJECT_VERSION = 1;
				DEVELOPMENT_TEAM = 7J4CZQNAZR;
				GENERATE_INFOPLIST_FILE = YES;
				INFOPLIST_FILE = MyArtiest/Info.plist;
				INFOPLIST_KEY_UIApplicationSupportsIndirectInputEvents = YES;
				INFOPLIST_KEY_UILaunchStoryboardName = LaunchScreen;
				INFOPLIST_KEY_UISupportedInterfaceOrientations_iPad = "UIInterfaceOrientationPortrait UIInterfaceOrientationPortraitUpsideDown UIInterfaceOrientationLandscapeLeft UIInterfaceOrientationLandscapeRight";
				INFOPLIST_KEY_UISupportedInterfaceOrientations_iPhone = "UIInterfaceOrientationPortrait UIInterfaceOrientationLandscapeLeft UIInterfaceOrientationLandscapeRight";
				LD_RUNPATH_SEARCH_PATHS = (
					"$(inherited)",
					"@executable_path/Frameworks",
				);
				MARKETING_VERSION = 1.0;
				PRODUCT_BUNDLE_IDENTIFIER = phan.mike.MyArtiest;
				PRODUCT_NAME = "$(TARGET_NAME)";
				SWIFT_EMIT_LOC_STRINGS = YES;
				SWIFT_VERSION = 5.0;
				TARGETED_DEVICE_FAMILY = "1,2";
			};
			name = Release;
		};
/* End XCBuildConfiguration section */

/* Begin XCConfigurationList section */
		B1CFFF662B79FB0F00229CF1 /* Build configuration list for PBXProject "MyArtiest" */ = {
			isa = XCConfigurationList;
			buildConfigurations = (
				B1CFFF7D2B79FB1000229CF1 /* Debug */,
				B1CFFF7E2B79FB1000229CF1 /* Release */,
			);
			defaultConfigurationIsVisible = 0;
			defaultConfigurationName = Release;
		};
		B1CFFF7F2B79FB1000229CF1 /* Build configuration list for PBXNativeTarget "MyArtiest" */ = {
			isa = XCConfigurationList;
			buildConfigurations = (
				B1CFFF802B79FB1000229CF1 /* Debug */,
				B1CFFF812B79FB1000229CF1 /* Release */,
			);
			defaultConfigurationIsVisible = 0;
			defaultConfigurationName = Release;
		};
/* End XCConfigurationList section */

/* Begin XCRemoteSwiftPackageReference section */
		B1CFFFC32B7C234000229CF1 /* XCRemoteSwiftPackageReference "SDWebImage" */ = {
			isa = XCRemoteSwiftPackageReference;
			repositoryURL = "https://github.com/SDWebImage/SDWebImage.git";
			requirement = {
				kind = upToNextMajorVersion;
				minimumVersion = 5.18.11;
			};
		};
/* End XCRemoteSwiftPackageReference section */

/* Begin XCSwiftPackageProductDependency section */
		B1CFFFC42B7C234000229CF1 /* SDWebImage */ = {
			isa = XCSwiftPackageProductDependency;
			package = B1CFFFC32B7C234000229CF1 /* XCRemoteSwiftPackageReference "SDWebImage" */;
			productName = SDWebImage;
		};
		B1CFFFC62B7C234000229CF1 /* SDWebImageMapKit */ = {
			isa = XCSwiftPackageProductDependency;
			package = B1CFFFC32B7C234000229CF1 /* XCRemoteSwiftPackageReference "SDWebImage" */;
			productName = SDWebImageMapKit;
		};
/* End XCSwiftPackageProductDependency section */

/* Begin XCVersionGroup section */
		B10795062B83F4AE00929FF7 /* MyArtiestDataModel.xcdatamodeld */ = {
			isa = XCVersionGroup;
			children = (
				B10795072B83F4AE00929FF7 /* UserDataModel.xcdatamodel */,
			);
			currentVersion = B10795072B83F4AE00929FF7 /* UserDataModel.xcdatamodel */;
			path = MyArtiestDataModel.xcdatamodeld;
			sourceTree = "<group>";
			versionGroupType = wrapper.xcdatamodel;
		};
/* End XCVersionGroup section */
	};
	rootObject = B1CFFF632B79FB0F00229CF1 /* Project object */;
}
