// !$*UTF8*$!
{
	archiveVersion = 1;
	classes = {
	};
	objectVersion = 56;
	objects = {

/* Begin PBXBuildFile section */
		B1CFFF6F2B79FB0F00229CF1 /* AppDelegate.swift in Sources */ = {isa = PBXBuildFile; fileRef = B1CFFF6E2B79FB0F00229CF1 /* AppDelegate.swift */; };
		B1CFFF712B79FB0F00229CF1 /* SceneDelegate.swift in Sources */ = {isa = PBXBuildFile; fileRef = B1CFFF702B79FB0F00229CF1 /* SceneDelegate.swift */; };
		B1CFFF732B79FB0F00229CF1 /* HomeViewController.swift in Sources */ = {isa = PBXBuildFile; fileRef = B1CFFF722B79FB0F00229CF1 /* HomeViewController.swift */; };
		B1CFFF782B79FB1000229CF1 /* Assets.xcassets in Resources */ = {isa = PBXBuildFile; fileRef = B1CFFF772B79FB1000229CF1 /* Assets.xcassets */; };
		B1CFFF7B2B79FB1000229CF1 /* LaunchScreen.storyboard in Resources */ = {isa = PBXBuildFile; fileRef = B1CFFF792B79FB1000229CF1 /* LaunchScreen.storyboard */; };
		B1CFFF892B79FDD700229CF1 /* TabBarViewController.swift in Sources */ = {isa = PBXBuildFile; fileRef = B1CFFF882B79FDD700229CF1 /* TabBarViewController.swift */; };
		B1CFFF8B2B79FDFC00229CF1 /* ProfileViewController.swift in Sources */ = {isa = PBXBuildFile; fileRef = B1CFFF8A2B79FDFC00229CF1 /* ProfileViewController.swift */; };
		B1CFFF8D2B79FE1600229CF1 /* RadioViewController.swift in Sources */ = {isa = PBXBuildFile; fileRef = B1CFFF8C2B79FE1600229CF1 /* RadioViewController.swift */; };
/* End PBXBuildFile section */

/* Begin PBXFileReference section */
		B1CFFF6B2B79FB0F00229CF1 /* MyArtiest.app */ = {isa = PBXFileReference; explicitFileType = wrapper.application; includeInIndex = 0; path = MyArtiest.app; sourceTree = BUILT_PRODUCTS_DIR; };
		B1CFFF6E2B79FB0F00229CF1 /* AppDelegate.swift */ = {isa = PBXFileReference; lastKnownFileType = sourcecode.swift; path = AppDelegate.swift; sourceTree = "<group>"; };
		B1CFFF702B79FB0F00229CF1 /* SceneDelegate.swift */ = {isa = PBXFileReference; lastKnownFileType = sourcecode.swift; path = SceneDelegate.swift; sourceTree = "<group>"; };
		B1CFFF722B79FB0F00229CF1 /* HomeViewController.swift */ = {isa = PBXFileReference; lastKnownFileType = sourcecode.swift; path = HomeViewController.swift; sourceTree = "<group>"; };
		B1CFFF772B79FB1000229CF1 /* Assets.xcassets */ = {isa = PBXFileReference; lastKnownFileType = folder.assetcatalog; path = Assets.xcassets; sourceTree = "<group>"; };
		B1CFFF7A2B79FB1000229CF1 /* Base */ = {isa = PBXFileReference; lastKnownFileType = file.storyboard; name = Base; path = Base.lproj/LaunchScreen.storyboard; sourceTree = "<group>"; };
		B1CFFF7C2B79FB1000229CF1 /* Info.plist */ = {isa = PBXFileReference; lastKnownFileType = text.plist.xml; path = Info.plist; sourceTree = "<group>"; };
		B1CFFF882B79FDD700229CF1 /* TabBarViewController.swift */ = {isa = PBXFileReference; lastKnownFileType = sourcecode.swift; path = TabBarViewController.swift; sourceTree = "<group>"; };
		B1CFFF8A2B79FDFC00229CF1 /* ProfileViewController.swift */ = {isa = PBXFileReference; lastKnownFileType = sourcecode.swift; path = ProfileViewController.swift; sourceTree = "<group>"; };
		B1CFFF8C2B79FE1600229CF1 /* RadioViewController.swift */ = {isa = PBXFileReference; lastKnownFileType = sourcecode.swift; path = RadioViewController.swift; sourceTree = "<group>"; };
/* End PBXFileReference section */

/* Begin PBXFrameworksBuildPhase section */
		B1CFFF682B79FB0F00229CF1 /* Frameworks */ = {
			isa = PBXFrameworksBuildPhase;
			buildActionMask = 2147483647;
			files = (
			);
			runOnlyForDeploymentPostprocessing = 0;
		};
/* End PBXFrameworksBuildPhase section */

/* Begin PBXGroup section */
		B1CFFF622B79FB0F00229CF1 = {
			isa = PBXGroup;
			children = (
				B1CFFF6D2B79FB0F00229CF1 /* MyArtiest */,
				B1CFFF6C2B79FB0F00229CF1 /* Products */,
			);
			sourceTree = "<group>";
		};
		B1CFFF6C2B79FB0F00229CF1 /* Products */ = {
			isa = PBXGroup;
			children = (
				B1CFFF6B2B79FB0F00229CF1 /* MyArtiest.app */,
			);
			name = Products;
			sourceTree = "<group>";
		};
		B1CFFF6D2B79FB0F00229CF1 /* MyArtiest */ = {
			isa = PBXGroup;
			children = (
				B1CFFF872B79FC6200229CF1 /* Managers */,
				B1CFFF852B79FC5600229CF1 /* Models */,
				B1CFFF832B79FC4B00229CF1 /* Views */,
				B1CFFF862B79FC5D00229CF1 /* ViewModels */,
				B1CFFF842B79FC4F00229CF1 /* Controllers */,
				B1CFFF822B79FC4500229CF1 /* Resources */,
				B1CFFF7C2B79FB1000229CF1 /* Info.plist */,
			);
			path = MyArtiest;
			sourceTree = "<group>";
		};
		B1CFFF822B79FC4500229CF1 /* Resources */ = {
			isa = PBXGroup;
			children = (
				B1CFFF772B79FB1000229CF1 /* Assets.xcassets */,
				B1CFFF6E2B79FB0F00229CF1 /* AppDelegate.swift */,
				B1CFFF702B79FB0F00229CF1 /* SceneDelegate.swift */,
			);
			path = Resources;
			sourceTree = "<group>";
		};
		B1CFFF832B79FC4B00229CF1 /* Views */ = {
			isa = PBXGroup;
			children = (
				B1CFFF792B79FB1000229CF1 /* LaunchScreen.storyboard */,
			);
			path = Views;
			sourceTree = "<group>";
		};
		B1CFFF842B79FC4F00229CF1 /* Controllers */ = {
			isa = PBXGroup;
			children = (
				B1CFFF722B79FB0F00229CF1 /* HomeViewController.swift */,
				B1CFFF882B79FDD700229CF1 /* TabBarViewController.swift */,
				B1CFFF8A2B79FDFC00229CF1 /* ProfileViewController.swift */,
				B1CFFF8C2B79FE1600229CF1 /* RadioViewController.swift */,
			);
			path = Controllers;
			sourceTree = "<group>";
		};
		B1CFFF852B79FC5600229CF1 /* Models */ = {
			isa = PBXGroup;
			children = (
			);
			path = Models;
			sourceTree = "<group>";
		};
		B1CFFF862B79FC5D00229CF1 /* ViewModels */ = {
			isa = PBXGroup;
			children = (
			);
			path = ViewModels;
			sourceTree = "<group>";
		};
		B1CFFF872B79FC6200229CF1 /* Managers */ = {
			isa = PBXGroup;
			children = (
			);
			path = Managers;
			sourceTree = "<group>";
		};
/* End PBXGroup section */

/* Begin PBXNativeTarget section */
		B1CFFF6A2B79FB0F00229CF1 /* MyArtiest */ = {
			isa = PBXNativeTarget;
			buildConfigurationList = B1CFFF7F2B79FB1000229CF1 /* Build configuration list for PBXNativeTarget "MyArtiest" */;
			buildPhases = (
				B1CFFF672B79FB0F00229CF1 /* Sources */,
				B1CFFF682B79FB0F00229CF1 /* Frameworks */,
				B1CFFF692B79FB0F00229CF1 /* Resources */,
			);
			buildRules = (
			);
			dependencies = (
			);
			name = MyArtiest;
			productName = MyArtiest;
			productReference = B1CFFF6B2B79FB0F00229CF1 /* MyArtiest.app */;
			productType = "com.apple.product-type.application";
		};
/* End PBXNativeTarget section */

/* Begin PBXProject section */
		B1CFFF632B79FB0F00229CF1 /* Project object */ = {
			isa = PBXProject;
			attributes = {
				BuildIndependentTargetsInParallel = 1;
				LastSwiftUpdateCheck = 1520;
				LastUpgradeCheck = 1520;
				TargetAttributes = {
					B1CFFF6A2B79FB0F00229CF1 = {
						CreatedOnToolsVersion = 15.2;
					};
				};
			};
			buildConfigurationList = B1CFFF662B79FB0F00229CF1 /* Build configuration list for PBXProject "MyArtiest" */;
			compatibilityVersion = "Xcode 14.0";
			developmentRegion = en;
			hasScannedForEncodings = 0;
			knownRegions = (
				en,
				Base,
			);
			mainGroup = B1CFFF622B79FB0F00229CF1;
			productRefGroup = B1CFFF6C2B79FB0F00229CF1 /* Products */;
			projectDirPath = "";
			projectRoot = "";
			targets = (
				B1CFFF6A2B79FB0F00229CF1 /* MyArtiest */,
			);
		};
/* End PBXProject section */

/* Begin PBXResourcesBuildPhase section */
		B1CFFF692B79FB0F00229CF1 /* Resources */ = {
			isa = PBXResourcesBuildPhase;
			buildActionMask = 2147483647;
			files = (
				B1CFFF7B2B79FB1000229CF1 /* LaunchScreen.storyboard in Resources */,
				B1CFFF782B79FB1000229CF1 /* Assets.xcassets in Resources */,
			);
			runOnlyForDeploymentPostprocessing = 0;
		};
/* End PBXResourcesBuildPhase section */

/* Begin PBXSourcesBuildPhase section */
		B1CFFF672B79FB0F00229CF1 /* Sources */ = {
			isa = PBXSourcesBuildPhase;
			buildActionMask = 2147483647;
			files = (
				B1CFFF892B79FDD700229CF1 /* TabBarViewController.swift in Sources */,
				B1CFFF732B79FB0F00229CF1 /* HomeViewController.swift in Sources */,
				B1CFFF8D2B79FE1600229CF1 /* RadioViewController.swift in Sources */,
				B1CFFF8B2B79FDFC00229CF1 /* ProfileViewController.swift in Sources */,
				B1CFFF6F2B79FB0F00229CF1 /* AppDelegate.swift in Sources */,
				B1CFFF712B79FB0F00229CF1 /* SceneDelegate.swift in Sources */,
			);
			runOnlyForDeploymentPostprocessing = 0;
		};
/* End PBXSourcesBuildPhase section */

/* Begin PBXVariantGroup section */
		B1CFFF792B79FB1000229CF1 /* LaunchScreen.storyboard */ = {
			isa = PBXVariantGroup;
			children = (
				B1CFFF7A2B79FB1000229CF1 /* Base */,
			);
			name = LaunchScreen.storyboard;
			sourceTree = "<group>";
		};
/* End PBXVariantGroup section */

/* Begin XCBuildConfiguration section */
		B1CFFF7D2B79FB1000229CF1 /* Debug */ = {
			isa = XCBuildConfiguration;
			buildSettings = {
				ALWAYS_SEARCH_USER_PATHS = NO;
				ASSETCATALOG_COMPILER_GENERATE_SWIFT_ASSET_SYMBOL_EXTENSIONS = YES;
				CLANG_ANALYZER_NONNULL = YES;
				CLANG_ANALYZER_NUMBER_OBJECT_CONVERSION = YES_AGGRESSIVE;
				CLANG_CXX_LANGUAGE_STANDARD = "gnu++20";
				CLANG_ENABLE_MODULES = YES;
				CLANG_ENABLE_OBJC_ARC = YES;
				CLANG_ENABLE_OBJC_WEAK = YES;
				CLANG_WARN_BLOCK_CAPTURE_AUTORELEASING = YES;
				CLANG_WARN_BOOL_CONVERSION = YES;
				CLANG_WARN_COMMA = YES;
				CLANG_WARN_CONSTANT_CONVERSION = YES;
				CLANG_WARN_DEPRECATED_OBJC_IMPLEMENTATIONS = YES;
				CLANG_WARN_DIRECT_OBJC_ISA_USAGE = YES_ERROR;
				CLANG_WARN_DOCUMENTATION_COMMENTS = YES;
				CLANG_WARN_EMPTY_BODY = YES;
				CLANG_WARN_ENUM_CONVERSION = YES;
				CLANG_WARN_INFINITE_RECURSION = YES;
				CLANG_WARN_INT_CONVERSION = YES;
				CLANG_WARN_NON_LITERAL_NULL_CONVERSION = YES;
				CLANG_WARN_OBJC_IMPLICIT_RETAIN_SELF = YES;
				CLANG_WARN_OBJC_LITERAL_CONVERSION = YES;
				CLANG_WARN_OBJC_ROOT_CLASS = YES_ERROR;
				CLANG_WARN_QUOTED_INCLUDE_IN_FRAMEWORK_HEADER = YES;
				CLANG_WARN_RANGE_LOOP_ANALYSIS = YES;
				CLANG_WARN_STRICT_PROTOTYPES = YES;
				CLANG_WARN_SUSPICIOUS_MOVE = YES;
				CLANG_WARN_UNGUARDED_AVAILABILITY = YES_AGGRESSIVE;
				CLANG_WARN_UNREACHABLE_CODE = YES;
				CLANG_WARN__DUPLICATE_METHOD_MATCH = YES;
				COPY_PHASE_STRIP = NO;
				DEBUG_INFORMATION_FORMAT = dwarf;
				ENABLE_STRICT_OBJC_MSGSEND = YES;
				ENABLE_TESTABILITY = YES;
				ENABLE_USER_SCRIPT_SANDBOXING = YES;
				GCC_C_LANGUAGE_STANDARD = gnu17;
				GCC_DYNAMIC_NO_PIC = NO;
				GCC_NO_COMMON_BLOCKS = YES;
				GCC_OPTIMIZATION_LEVEL = 0;
				GCC_PREPROCESSOR_DEFINITIONS = (
					"DEBUG=1",
					"$(inherited)",
				);
				GCC_WARN_64_TO_32_BIT_CONVERSION = YES;
				GCC_WARN_ABOUT_RETURN_TYPE = YES_ERROR;
				GCC_WARN_UNDECLARED_SELECTOR = YES;
				GCC_WARN_UNINITIALIZED_AUTOS = YES_AGGRESSIVE;
				GCC_WARN_UNUSED_FUNCTION = YES;
				GCC_WARN_UNUSED_VARIABLE = YES;
				IPHONEOS_DEPLOYMENT_TARGET = 17.2;
				LOCALIZATION_PREFERS_STRING_CATALOGS = YES;
				MTL_ENABLE_DEBUG_INFO = INCLUDE_SOURCE;
				MTL_FAST_MATH = YES;
				ONLY_ACTIVE_ARCH = YES;
				SDKROOT = iphoneos;
				SWIFT_ACTIVE_COMPILATION_CONDITIONS = "DEBUG $(inherited)";
				SWIFT_OPTIMIZATION_LEVEL = "-Onone";
			};
			name = Debug;
		};
		B1CFFF7E2B79FB1000229CF1 /* Release */ = {
			isa = XCBuildConfiguration;
			buildSettings = {
				ALWAYS_SEARCH_USER_PATHS = NO;
				ASSETCATALOG_COMPILER_GENERATE_SWIFT_ASSET_SYMBOL_EXTENSIONS = YES;
				CLANG_ANALYZER_NONNULL = YES;
				CLANG_ANALYZER_NUMBER_OBJECT_CONVERSION = YES_AGGRESSIVE;
				CLANG_CXX_LANGUAGE_STANDARD = "gnu++20";
				CLANG_ENABLE_MODULES = YES;
				CLANG_ENABLE_OBJC_ARC = YES;
				CLANG_ENABLE_OBJC_WEAK = YES;
				CLANG_WARN_BLOCK_CAPTURE_AUTORELEASING = YES;
				CLANG_WARN_BOOL_CONVERSION = YES;
				CLANG_WARN_COMMA = YES;
				CLANG_WARN_CONSTANT_CONVERSION = YES;
				CLANG_WARN_DEPRECATED_OBJC_IMPLEMENTATIONS = YES;
				CLANG_WARN_DIRECT_OBJC_ISA_USAGE = YES_ERROR;
				CLANG_WARN_DOCUMENTATION_COMMENTS = YES;
				CLANG_WARN_EMPTY_BODY = YES;
				CLANG_WARN_ENUM_CONVERSION = YES;
				CLANG_WARN_INFINITE_RECURSION = YES;
				CLANG_WARN_INT_CONVERSION = YES;
				CLANG_WARN_NON_LITERAL_NULL_CONVERSION = YES;
				CLANG_WARN_OBJC_IMPLICIT_RETAIN_SELF = YES;
				CLANG_WARN_OBJC_LITERAL_CONVERSION = YES;
				CLANG_WARN_OBJC_ROOT_CLASS = YES_ERROR;
				CLANG_WARN_QUOTED_INCLUDE_IN_FRAMEWORK_HEADER = YES;
				CLANG_WARN_RANGE_LOOP_ANALYSIS = YES;
				CLANG_WARN_STRICT_PROTOTYPES = YES;
				CLANG_WARN_SUSPICIOUS_MOVE = YES;
				CLANG_WARN_UNGUARDED_AVAILABILITY = YES_AGGRESSIVE;
				CLANG_WARN_UNREACHABLE_CODE = YES;
				CLANG_WARN__DUPLICATE_METHOD_MATCH = YES;
				COPY_PHASE_STRIP = NO;
				DEBUG_INFORMATION_FORMAT = "dwarf-with-dsym";
				ENABLE_NS_ASSERTIONS = NO;
				ENABLE_STRICT_OBJC_MSGSEND = YES;
				ENABLE_USER_SCRIPT_SANDBOXING = YES;
				GCC_C_LANGUAGE_STANDARD = gnu17;
				GCC_NO_COMMON_BLOCKS = YES;
				GCC_WARN_64_TO_32_BIT_CONVERSION = YES;
				GCC_WARN_ABOUT_RETURN_TYPE = YES_ERROR;
				GCC_WARN_UNDECLARED_SELECTOR = YES;
				GCC_WARN_UNINITIALIZED_AUTOS = YES_AGGRESSIVE;
				GCC_WARN_UNUSED_FUNCTION = YES;
				GCC_WARN_UNUSED_VARIABLE = YES;
				IPHONEOS_DEPLOYMENT_TARGET = 17.2;
				LOCALIZATION_PREFERS_STRING_CATALOGS = YES;
				MTL_ENABLE_DEBUG_INFO = NO;
				MTL_FAST_MATH = YES;
				SDKROOT = iphoneos;
				SWIFT_COMPILATION_MODE = wholemodule;
				VALIDATE_PRODUCT = YES;
			};
			name = Release;
		};
		B1CFFF802B79FB1000229CF1 /* Debug */ = {
			isa = XCBuildConfiguration;
			buildSettings = {
				ASSETCATALOG_COMPILER_APPICON_NAME = AppIcon;
				ASSETCATALOG_COMPILER_GLOBAL_ACCENT_COLOR_NAME = AccentColor;
				CODE_SIGN_STYLE = Automatic;
				CURRENT_PROJECT_VERSION = 1;
				DEVELOPMENT_TEAM = 7J4CZQNAZR;
				GENERATE_INFOPLIST_FILE = YES;
				INFOPLIST_FILE = MyArtiest/Info.plist;
				INFOPLIST_KEY_UIApplicationSupportsIndirectInputEvents = YES;
				INFOPLIST_KEY_UILaunchStoryboardName = LaunchScreen;
				INFOPLIST_KEY_UISupportedInterfaceOrientations_iPad = "UIInterfaceOrientationPortrait UIInterfaceOrientationPortraitUpsideDown UIInterfaceOrientationLandscapeLeft UIInterfaceOrientationLandscapeRight";
				INFOPLIST_KEY_UISupportedInterfaceOrientations_iPhone = "UIInterfaceOrientationPortrait UIInterfaceOrientationLandscapeLeft UIInterfaceOrientationLandscapeRight";
				LD_RUNPATH_SEARCH_PATHS = (
					"$(inherited)",
					"@executable_path/Frameworks",
				);
				MARKETING_VERSION = 1.0;
				PRODUCT_BUNDLE_IDENTIFIER = phan.mike.MyArtiest;
				PRODUCT_NAME = "$(TARGET_NAME)";
				SWIFT_EMIT_LOC_STRINGS = YES;
				SWIFT_VERSION = 5.0;
				TARGETED_DEVICE_FAMILY = "1,2";
			};
			name = Debug;
		};
		B1CFFF812B79FB1000229CF1 /* Release */ = {
			isa = XCBuildConfiguration;
			buildSettings = {
				ASSETCATALOG_COMPILER_APPICON_NAME = AppIcon;
				ASSETCATALOG_COMPILER_GLOBAL_ACCENT_COLOR_NAME = AccentColor;
				CODE_SIGN_STYLE = Automatic;
				CURRENT_PROJECT_VERSION = 1;
				DEVELOPMENT_TEAM = 7J4CZQNAZR;
				GENERATE_INFOPLIST_FILE = YES;
				INFOPLIST_FILE = MyArtiest/Info.plist;
				INFOPLIST_KEY_UIApplicationSupportsIndirectInputEvents = YES;
				INFOPLIST_KEY_UILaunchStoryboardName = LaunchScreen;
				INFOPLIST_KEY_UISupportedInterfaceOrientations_iPad = "UIInterfaceOrientationPortrait UIInterfaceOrientationPortraitUpsideDown UIInterfaceOrientationLandscapeLeft UIInterfaceOrientationLandscapeRight";
				INFOPLIST_KEY_UISupportedInterfaceOrientations_iPhone = "UIInterfaceOrientationPortrait UIInterfaceOrientationLandscapeLeft UIInterfaceOrientationLandscapeRight";
				LD_RUNPATH_SEARCH_PATHS = (
					"$(inherited)",
					"@executable_path/Frameworks",
				);
				MARKETING_VERSION = 1.0;
				PRODUCT_BUNDLE_IDENTIFIER = phan.mike.MyArtiest;
				PRODUCT_NAME = "$(TARGET_NAME)";
				SWIFT_EMIT_LOC_STRINGS = YES;
				SWIFT_VERSION = 5.0;
				TARGETED_DEVICE_FAMILY = "1,2";
			};
			name = Release;
		};
/* End XCBuildConfiguration section */

/* Begin XCConfigurationList section */
		B1CFFF662B79FB0F00229CF1 /* Build configuration list for PBXProject "MyArtiest" */ = {
			isa = XCConfigurationList;
			buildConfigurations = (
				B1CFFF7D2B79FB1000229CF1 /* Debug */,
				B1CFFF7E2B79FB1000229CF1 /* Release */,
			);
			defaultConfigurationIsVisible = 0;
			defaultConfigurationName = Release;
		};
		B1CFFF7F2B79FB1000229CF1 /* Build configuration list for PBXNativeTarget "MyArtiest" */ = {
			isa = XCConfigurationList;
			buildConfigurations = (
				B1CFFF802B79FB1000229CF1 /* Debug */,
				B1CFFF812B79FB1000229CF1 /* Release */,
			);
			defaultConfigurationIsVisible = 0;
			defaultConfigurationName = Release;
		};
/* End XCConfigurationList section */
	};
	rootObject = B1CFFF632B79FB0F00229CF1 /* Project object */;
}
